
Microsoft Visual Studio Solution File, Format Version 12.00
# Visual Studio Version 16
VisualStudioVersion = 16.0.31624.102
MinimumVisualStudioVersion = 10.0.40219.1
Project("{FAE04EC0-301F-11D3-BF4B-00C04F79EFBC}") = "OrdersApi", "OrdersApi.csproj", "{421F46DA-D905-4507-BF24-707E736915B2}"
EndProject
Global
	GlobalSection(SolutionConfigurationPlatforms) = preSolution
		Debug|Any CPU = Debug|Any CPU
		Release|Any CPU = Release|Any CPU
	EndGlobalSection
	GlobalSection(ProjectConfigurationPlatforms) = postSolution
		{421F46DA-D905-4507-BF24-707E736915B2}.Debug|Any CPU.ActiveCfg = Debug|Any CPU
		{421F46DA-D905-4507-BF24-707E736915B2}.Debug|Any CPU.Build.0 = Debug|Any CPU
		{421F46DA-D905-4507-BF24-707E736915B2}.Release|Any CPU.ActiveCfg = Release|Any CPU
		{421F46DA-D905-4507-BF24-707E736915B2}.Release|Any CPU.Build.0 = Release|Any CPU
	EndGlobalSection
	GlobalSection(SolutionProperties) = preSolution
		HideSolutionNode = FALSE
	EndGlobalSection
	GlobalSection(ExtensibilityGlobals) = postSolution
		SolutionGuid = {D4E9953F-260F-4329-85A4-4C5B287C90E4}
	EndGlobalSection
EndGlobal
